
Microsoft Visual Studio Solution File, Format Version 12.00
# Visual Studio Version 17
VisualStudioVersion = 17.7.34018.315
MinimumVisualStudioVersion = 10.0.40219.1
Project("{9A19103F-16F7-4668-BE54-9A1E7A4F7556}") = "OnlineExamWeb", "OnlineExamWeb\OnlineExamWeb.csproj", "{D10DB582-6630-46B1-AECD-C4AEB59FF239}"
EndProject
Project("{9A19103F-16F7-4668-BE54-9A1E7A4F7556}") = "Domain", "Domain\Domain.csproj", "{22565AB7-29BF-4B9E-93BE-461624ABBDB8}"
EndProject
Project("{9A19103F-16F7-4668-BE54-9A1E7A4F7556}") = "Abstraction", "Abstraction\Abstraction.csproj", "{D2F3ED2A-0A83-4EA2-991B-A566B558BBFA}"
EndProject
Project("{9A19103F-16F7-4668-BE54-9A1E7A4F7556}") = "Infrastructure", "Infrastructure\Infrastructure.csproj", "{DE233A16-4BA4-41B4-9609-D1B26A2C764B}"
EndProject
Project("{9A19103F-16F7-4668-BE54-9A1E7A4F7556}") = "Business", "Business\Business.csproj", "{DC0D38D7-3816-49D4-B492-5384C3B1EC80}"
EndProject
Project("{2150E333-8FDC-42A3-9474-1A3956D46DE8}") = "src", "src", "{8452B4C5-B496-4B08-AB26-D34BD0607CA5}"
EndProject
Project("{2150E333-8FDC-42A3-9474-1A3956D46DE8}") = "Testing", "Testing", "{2AF5DF81-9AC8-4A33-B377-AF704172C7A4}"
EndProject
Project("{2150E333-8FDC-42A3-9474-1A3956D46DE8}") = "PaymentGateway", "PaymentGateway", "{0B9F04AE-CD02-4E7F-892C-B28F1D3417BA}"
EndProject
Project("{2150E333-8FDC-42A3-9474-1A3956D46DE8}") = "QuizAdmin", "QuizAdmin", "{D58DB283-29CE-4288-8EA5-0BA325680D5F}"
EndProject
Project("{9A19103F-16F7-4668-BE54-9A1E7A4F7556}") = "QuizAdminPlatform", "QuizAdminPlatform\QuizAdminPlatform.csproj", "{4C536EE2-FBD3-479E-9B1C-BF2024080E20}"
EndProject
Project("{9A19103F-16F7-4668-BE54-9A1E7A4F7556}") = "OnlineExamWebApi", "OnlineExamWebApi\OnlineExamWebApi.csproj", "{067E5FE3-9911-49C8-8069-2EDB7ED0CCA4}"
EndProject
Project("{9A19103F-16F7-4668-BE54-9A1E7A4F7556}") = "OnlineExamPaymentAPI", "OnlineExamPaymentAPI\OnlineExamPaymentAPI.csproj", "{7CB7655B-F07B-4DC7-99DC-44F85D2A4024}"
EndProject
Global
	GlobalSection(SolutionConfigurationPlatforms) = preSolution
		Debug|Any CPU = Debug|Any CPU
		Release|Any CPU = Release|Any CPU
	EndGlobalSection
	GlobalSection(ProjectConfigurationPlatforms) = postSolution
		{D10DB582-6630-46B1-AECD-C4AEB59FF239}.Debug|Any CPU.ActiveCfg = Debug|Any CPU
		{D10DB582-6630-46B1-AECD-C4AEB59FF239}.Debug|Any CPU.Build.0 = Debug|Any CPU
		{D10DB582-6630-46B1-AECD-C4AEB59FF239}.Release|Any CPU.ActiveCfg = Release|Any CPU
		{D10DB582-6630-46B1-AECD-C4AEB59FF239}.Release|Any CPU.Build.0 = Release|Any CPU
		{22565AB7-29BF-4B9E-93BE-461624ABBDB8}.Debug|Any CPU.ActiveCfg = Debug|Any CPU
		{22565AB7-29BF-4B9E-93BE-461624ABBDB8}.Debug|Any CPU.Build.0 = Debug|Any CPU
		{22565AB7-29BF-4B9E-93BE-461624ABBDB8}.Release|Any CPU.ActiveCfg = Release|Any CPU
		{22565AB7-29BF-4B9E-93BE-461624ABBDB8}.Release|Any CPU.Build.0 = Release|Any CPU
		{D2F3ED2A-0A83-4EA2-991B-A566B558BBFA}.Debug|Any CPU.ActiveCfg = Debug|Any CPU
		{D2F3ED2A-0A83-4EA2-991B-A566B558BBFA}.Debug|Any CPU.Build.0 = Debug|Any CPU
		{D2F3ED2A-0A83-4EA2-991B-A566B558BBFA}.Release|Any CPU.ActiveCfg = Release|Any CPU
		{D2F3ED2A-0A83-4EA2-991B-A566B558BBFA}.Release|Any CPU.Build.0 = Release|Any CPU
		{DE233A16-4BA4-41B4-9609-D1B26A2C764B}.Debug|Any CPU.ActiveCfg = Debug|Any CPU
		{DE233A16-4BA4-41B4-9609-D1B26A2C764B}.Debug|Any CPU.Build.0 = Debug|Any CPU
		{DE233A16-4BA4-41B4-9609-D1B26A2C764B}.Release|Any CPU.ActiveCfg = Release|Any CPU
		{DE233A16-4BA4-41B4-9609-D1B26A2C764B}.Release|Any CPU.Build.0 = Release|Any CPU
		{DC0D38D7-3816-49D4-B492-5384C3B1EC80}.Debug|Any CPU.ActiveCfg = Debug|Any CPU
		{DC0D38D7-3816-49D4-B492-5384C3B1EC80}.Debug|Any CPU.Build.0 = Debug|Any CPU
		{DC0D38D7-3816-49D4-B492-5384C3B1EC80}.Release|Any CPU.ActiveCfg = Release|Any CPU
		{DC0D38D7-3816-49D4-B492-5384C3B1EC80}.Release|Any CPU.Build.0 = Release|Any CPU
		{4C536EE2-FBD3-479E-9B1C-BF2024080E20}.Debug|Any CPU.ActiveCfg = Debug|Any CPU
		{4C536EE2-FBD3-479E-9B1C-BF2024080E20}.Debug|Any CPU.Build.0 = Debug|Any CPU
		{4C536EE2-FBD3-479E-9B1C-BF2024080E20}.Release|Any CPU.ActiveCfg = Release|Any CPU
		{4C536EE2-FBD3-479E-9B1C-BF2024080E20}.Release|Any CPU.Build.0 = Release|Any CPU
		{067E5FE3-9911-49C8-8069-2EDB7ED0CCA4}.Debug|Any CPU.ActiveCfg = Debug|Any CPU
		{067E5FE3-9911-49C8-8069-2EDB7ED0CCA4}.Debug|Any CPU.Build.0 = Debug|Any CPU
		{067E5FE3-9911-49C8-8069-2EDB7ED0CCA4}.Release|Any CPU.ActiveCfg = Release|Any CPU
		{067E5FE3-9911-49C8-8069-2EDB7ED0CCA4}.Release|Any CPU.Build.0 = Release|Any CPU
		{7CB7655B-F07B-4DC7-99DC-44F85D2A4024}.Debug|Any CPU.ActiveCfg = Debug|Any CPU
		{7CB7655B-F07B-4DC7-99DC-44F85D2A4024}.Debug|Any CPU.Build.0 = Debug|Any CPU
		{7CB7655B-F07B-4DC7-99DC-44F85D2A4024}.Release|Any CPU.ActiveCfg = Release|Any CPU
		{7CB7655B-F07B-4DC7-99DC-44F85D2A4024}.Release|Any CPU.Build.0 = Release|Any CPU
	EndGlobalSection
	GlobalSection(SolutionProperties) = preSolution
		HideSolutionNode = FALSE
	EndGlobalSection
	GlobalSection(NestedProjects) = preSolution
		{D10DB582-6630-46B1-AECD-C4AEB59FF239} = {8452B4C5-B496-4B08-AB26-D34BD0607CA5}
		{22565AB7-29BF-4B9E-93BE-461624ABBDB8} = {8452B4C5-B496-4B08-AB26-D34BD0607CA5}
		{D2F3ED2A-0A83-4EA2-991B-A566B558BBFA} = {8452B4C5-B496-4B08-AB26-D34BD0607CA5}
		{DE233A16-4BA4-41B4-9609-D1B26A2C764B} = {8452B4C5-B496-4B08-AB26-D34BD0607CA5}
		{DC0D38D7-3816-49D4-B492-5384C3B1EC80} = {8452B4C5-B496-4B08-AB26-D34BD0607CA5}
		{4C536EE2-FBD3-479E-9B1C-BF2024080E20} = {D58DB283-29CE-4288-8EA5-0BA325680D5F}
		{067E5FE3-9911-49C8-8069-2EDB7ED0CCA4} = {8452B4C5-B496-4B08-AB26-D34BD0607CA5}
		{7CB7655B-F07B-4DC7-99DC-44F85D2A4024} = {0B9F04AE-CD02-4E7F-892C-B28F1D3417BA}
	EndGlobalSection
	GlobalSection(ExtensibilityGlobals) = postSolution
		SolutionGuid = {EDA14CF1-3366-4A1E-9173-C5A0441392B1}
	EndGlobalSection
EndGlobal
